
Microsoft Visual Studio Solution File, Format Version 12.00
# Visual Studio 15
VisualStudioVersion = 15.0.28307.438
MinimumVisualStudioVersion = 10.0.40219.1
Project("{FAE04EC0-301F-11D3-BF4B-00C04F79EFBC}") = "Robeats-Desktop", "Robeats-Desktop\Robeats-Desktop.csproj", "{ABDC278E-79BA-4CBD-9028-9C290DAADDD0}"
EndProject
Global
	GlobalSection(SolutionConfigurationPlatforms) = preSolution
		Debug|Any CPU = Debug|Any CPU
		Release|Any CPU = Release|Any CPU
	EndGlobalSection
	GlobalSection(ProjectConfigurationPlatforms) = postSolution
		{ABDC278E-79BA-4CBD-9028-9C290DAADDD0}.Debug|Any CPU.ActiveCfg = Debug|Any CPU
		{ABDC278E-79BA-4CBD-9028-9C290DAADDD0}.Debug|Any CPU.Build.0 = Debug|Any CPU
		{ABDC278E-79BA-4CBD-9028-9C290DAADDD0}.Release|Any CPU.ActiveCfg = Release|Any CPU
		{ABDC278E-79BA-4CBD-9028-9C290DAADDD0}.Release|Any CPU.Build.0 = Release|Any CPU
	EndGlobalSection
	GlobalSection(SolutionProperties) = preSolution
		HideSolutionNode = FALSE
	EndGlobalSection
	GlobalSection(ExtensibilityGlobals) = postSolution
		SolutionGuid = {8AA83F1F-1873-4571-BF96-2ADEF1C41DE7}
	EndGlobalSection
EndGlobal
